
Microsoft Visual Studio Solution File, Format Version 12.00
# Visual Studio Version 16
VisualStudioVersion = 16.0.30114.105
MinimumVisualStudioVersion = 10.0.40219.1
Project("{2150E333-8FDC-42A3-9474-1A3956D46DE8}") = "App", "App", "{BF691052-42D5-45D2-966C-B5E7323A42EF}"
EndProject
Project("{9A19103F-16F7-4668-BE54-9A1E7A4F7556}") = "RUSH.App.API", "App\RUSH.App.API\RUSH.App.API.csproj", "{74DB866D-D47A-4572-9DD1-059ACAF1B671}"
EndProject
Project("{9A19103F-16F7-4668-BE54-9A1E7A4F7556}") = "RUSH.App.Infrastructure", "App\RUSH.App.Infrastructure\RUSH.App.Infrastructure.csproj", "{F2B068C6-2EE6-4CD0-B765-59F51B649944}"
EndProject
Project("{9A19103F-16F7-4668-BE54-9A1E7A4F7556}") = "RUSH.App.Domain", "App\RUSH.App.Domain\RUSH.App.Domain.csproj", "{BD370C33-554E-4482-AF66-050BA4F32E7F}"
EndProject
Project("{2150E333-8FDC-42A3-9474-1A3956D46DE8}") = "Util", "Util", "{BC3597C9-DE56-4F38-8E20-66B334510A01}"
EndProject
Project("{9A19103F-16F7-4668-BE54-9A1E7A4F7556}") = "RUSH.EventBus", "Util\RUSH.EventBus\RUSH.EventBus.csproj", "{DBD58192-815F-498A-BE9D-8EA775186E5C}"
EndProject
Project("{E53339B2-1760-4266-BCC7-CA923CBCF16C}") = "docker-compose", "docker-compose.dcproj", "{DA64FBB4-079B-461F-9074-001485523A47}"
EndProject
Project("{9A19103F-16F7-4668-BE54-9A1E7A4F7556}") = "RUSH.EventLog", "Util\RUSH.EventLog\RUSH.EventLog.csproj", "{2A99833C-865A-40FC-BCCB-A60E8A23FF15}"
EndProject
Global
	GlobalSection(SolutionConfigurationPlatforms) = preSolution
		Debug|Any CPU = Debug|Any CPU
		Release|Any CPU = Release|Any CPU
	EndGlobalSection
	GlobalSection(ProjectConfigurationPlatforms) = postSolution
		{74DB866D-D47A-4572-9DD1-059ACAF1B671}.Debug|Any CPU.ActiveCfg = Debug|Any CPU
		{74DB866D-D47A-4572-9DD1-059ACAF1B671}.Debug|Any CPU.Build.0 = Debug|Any CPU
		{74DB866D-D47A-4572-9DD1-059ACAF1B671}.Release|Any CPU.ActiveCfg = Release|Any CPU
		{74DB866D-D47A-4572-9DD1-059ACAF1B671}.Release|Any CPU.Build.0 = Release|Any CPU
		{F2B068C6-2EE6-4CD0-B765-59F51B649944}.Debug|Any CPU.ActiveCfg = Debug|Any CPU
		{F2B068C6-2EE6-4CD0-B765-59F51B649944}.Debug|Any CPU.Build.0 = Debug|Any CPU
		{F2B068C6-2EE6-4CD0-B765-59F51B649944}.Release|Any CPU.ActiveCfg = Release|Any CPU
		{F2B068C6-2EE6-4CD0-B765-59F51B649944}.Release|Any CPU.Build.0 = Release|Any CPU
		{BD370C33-554E-4482-AF66-050BA4F32E7F}.Debug|Any CPU.ActiveCfg = Debug|Any CPU
		{BD370C33-554E-4482-AF66-050BA4F32E7F}.Debug|Any CPU.Build.0 = Debug|Any CPU
		{BD370C33-554E-4482-AF66-050BA4F32E7F}.Release|Any CPU.ActiveCfg = Release|Any CPU
		{BD370C33-554E-4482-AF66-050BA4F32E7F}.Release|Any CPU.Build.0 = Release|Any CPU
		{DBD58192-815F-498A-BE9D-8EA775186E5C}.Debug|Any CPU.ActiveCfg = Debug|Any CPU
		{DBD58192-815F-498A-BE9D-8EA775186E5C}.Debug|Any CPU.Build.0 = Debug|Any CPU
		{DBD58192-815F-498A-BE9D-8EA775186E5C}.Release|Any CPU.ActiveCfg = Release|Any CPU
		{DBD58192-815F-498A-BE9D-8EA775186E5C}.Release|Any CPU.Build.0 = Release|Any CPU
		{DA64FBB4-079B-461F-9074-001485523A47}.Debug|Any CPU.ActiveCfg = Debug|Any CPU
		{DA64FBB4-079B-461F-9074-001485523A47}.Debug|Any CPU.Build.0 = Debug|Any CPU
		{DA64FBB4-079B-461F-9074-001485523A47}.Release|Any CPU.ActiveCfg = Release|Any CPU
		{DA64FBB4-079B-461F-9074-001485523A47}.Release|Any CPU.Build.0 = Release|Any CPU
		{2A99833C-865A-40FC-BCCB-A60E8A23FF15}.Debug|Any CPU.ActiveCfg = Debug|Any CPU
		{2A99833C-865A-40FC-BCCB-A60E8A23FF15}.Debug|Any CPU.Build.0 = Debug|Any CPU
		{2A99833C-865A-40FC-BCCB-A60E8A23FF15}.Release|Any CPU.ActiveCfg = Release|Any CPU
		{2A99833C-865A-40FC-BCCB-A60E8A23FF15}.Release|Any CPU.Build.0 = Release|Any CPU
	EndGlobalSection
	GlobalSection(SolutionProperties) = preSolution
		HideSolutionNode = FALSE
	EndGlobalSection
	GlobalSection(NestedProjects) = preSolution
		{74DB866D-D47A-4572-9DD1-059ACAF1B671} = {BF691052-42D5-45D2-966C-B5E7323A42EF}
		{F2B068C6-2EE6-4CD0-B765-59F51B649944} = {BF691052-42D5-45D2-966C-B5E7323A42EF}
		{BD370C33-554E-4482-AF66-050BA4F32E7F} = {BF691052-42D5-45D2-966C-B5E7323A42EF}
		{DBD58192-815F-498A-BE9D-8EA775186E5C} = {BC3597C9-DE56-4F38-8E20-66B334510A01}
		{2A99833C-865A-40FC-BCCB-A60E8A23FF15} = {BC3597C9-DE56-4F38-8E20-66B334510A01}
	EndGlobalSection
	GlobalSection(ExtensibilityGlobals) = postSolution
		SolutionGuid = {D9A4F78E-6863-4AAD-BB75-30F2F16E1BED}
	EndGlobalSection
EndGlobal
